
Microsoft Visual Studio Solution File, Format Version 12.00
# Visual Studio Version 16
VisualStudioVersion = 16.0.30011.22
MinimumVisualStudioVersion = 10.0.40219.1
Project("{FAE04EC0-301F-11D3-BF4B-00C04F79EFBC}") = "WebApplication1", "WebApplication1\WebApplication1.csproj", "{DF29E690-E382-4F5F-A0D5-7C77521D947E}"
EndProject
Project("{FAE04EC0-301F-11D3-BF4B-00C04F79EFBC}") = "UnitTestProject1", "UnitTestProject1\UnitTestProject1.csproj", "{24A0EC19-38E8-4528-9C3D-CE35381320BB}"
EndProject
Global
	GlobalSection(SolutionConfigurationPlatforms) = preSolution
		Debug|Any CPU = Debug|Any CPU
		Release|Any CPU = Release|Any CPU
	EndGlobalSection
	GlobalSection(ProjectConfigurationPlatforms) = postSolution
		{DF29E690-E382-4F5F-A0D5-7C77521D947E}.Debug|Any CPU.ActiveCfg = Debug|Any CPU
		{DF29E690-E382-4F5F-A0D5-7C77521D947E}.Debug|Any CPU.Build.0 = Debug|Any CPU
		{DF29E690-E382-4F5F-A0D5-7C77521D947E}.Release|Any CPU.ActiveCfg = Release|Any CPU
		{DF29E690-E382-4F5F-A0D5-7C77521D947E}.Release|Any CPU.Build.0 = Release|Any CPU
		{24A0EC19-38E8-4528-9C3D-CE35381320BB}.Debug|Any CPU.ActiveCfg = Debug|Any CPU
		{24A0EC19-38E8-4528-9C3D-CE35381320BB}.Debug|Any CPU.Build.0 = Debug|Any CPU
		{24A0EC19-38E8-4528-9C3D-CE35381320BB}.Release|Any CPU.ActiveCfg = Release|Any CPU
		{24A0EC19-38E8-4528-9C3D-CE35381320BB}.Release|Any CPU.Build.0 = Release|Any CPU
	EndGlobalSection
	GlobalSection(SolutionProperties) = preSolution
		HideSolutionNode = FALSE
	EndGlobalSection
	GlobalSection(ExtensibilityGlobals) = postSolution
		SolutionGuid = {4B367A0B-7942-4B08-A888-2C0046EE9806}
	EndGlobalSection
EndGlobal
